
Microsoft Visual Studio Solution File, Format Version 12.00
# Visual Studio 2012
Project("{FAE04EC0-301F-11D3-BF4B-00C04F79EFBC}") = "DanTest5", "DanTest5.csproj", "{B85441B9-2501-4686-8F56-38F18101A886}"
EndProject
Project("{FAE04EC0-301F-11D3-BF4B-00C04F79EFBC}") = "DanTest5Server", "DanTest5Server\DanTest5Server.csproj", "{30304427-C2AB-42D8-88B4-D4F1086B6EA2}"
EndProject
Global
	GlobalSection(SolutionConfigurationPlatforms) = preSolution
		Debug|Any CPU = Debug|Any CPU
		Release|Any CPU = Release|Any CPU
	EndGlobalSection
	GlobalSection(ProjectConfigurationPlatforms) = postSolution
		{B85441B9-2501-4686-8F56-38F18101A886}.Debug|Any CPU.ActiveCfg = Debug|Any CPU
		{B85441B9-2501-4686-8F56-38F18101A886}.Debug|Any CPU.Build.0 = Debug|Any CPU
		{B85441B9-2501-4686-8F56-38F18101A886}.Release|Any CPU.ActiveCfg = Release|Any CPU
		{B85441B9-2501-4686-8F56-38F18101A886}.Release|Any CPU.Build.0 = Release|Any CPU
		{30304427-C2AB-42D8-88B4-D4F1086B6EA2}.Debug|Any CPU.ActiveCfg = Debug|Any CPU
		{30304427-C2AB-42D8-88B4-D4F1086B6EA2}.Debug|Any CPU.Build.0 = Debug|Any CPU
		{30304427-C2AB-42D8-88B4-D4F1086B6EA2}.Release|Any CPU.ActiveCfg = Release|Any CPU
		{30304427-C2AB-42D8-88B4-D4F1086B6EA2}.Release|Any CPU.Build.0 = Release|Any CPU
	EndGlobalSection
	GlobalSection(SolutionProperties) = preSolution
		HideSolutionNode = FALSE
	EndGlobalSection
EndGlobal
